
Microsoft Visual Studio Solution File, Format Version 12.00
# Visual Studio 2012
Project("{F184B08F-C81C-45F6-A57F-5ABD9991F28F}") = "TukangLaundry", "TukangLaundry\TukangLaundry.vbproj", "{E200B23B-7014-4CA2-8A5A-D5E84890D7BC}"
EndProject
Global
	GlobalSection(SolutionConfigurationPlatforms) = preSolution
		Debug|Any CPU = Debug|Any CPU
		Release|Any CPU = Release|Any CPU
	EndGlobalSection
	GlobalSection(ProjectConfigurationPlatforms) = postSolution
		{E200B23B-7014-4CA2-8A5A-D5E84890D7BC}.Debug|Any CPU.ActiveCfg = Debug|Any CPU
		{E200B23B-7014-4CA2-8A5A-D5E84890D7BC}.Debug|Any CPU.Build.0 = Debug|Any CPU
		{E200B23B-7014-4CA2-8A5A-D5E84890D7BC}.Release|Any CPU.ActiveCfg = Release|Any CPU
		{E200B23B-7014-4CA2-8A5A-D5E84890D7BC}.Release|Any CPU.Build.0 = Release|Any CPU
	EndGlobalSection
	GlobalSection(SolutionProperties) = preSolution
		HideSolutionNode = FALSE
	EndGlobalSection
EndGlobal
